
Microsoft Visual Studio Solution File, Format Version 11.00
# Visual Studio 2010
Project("{8BC9CEB8-8B4A-11D0-8D11-00A0C91BC942}") = "推箱子", "推箱子\推箱子.vcxproj", "{B2455BF7-66C1-401F-93BA-35DA4D8A4695}"
EndProject
Global
	GlobalSection(SolutionConfigurationPlatforms) = preSolution
		Debug|Win32 = Debug|Win32
		Release|Win32 = Release|Win32
	EndGlobalSection
	GlobalSection(ProjectConfigurationPlatforms) = postSolution
		{B2455BF7-66C1-401F-93BA-35DA4D8A4695}.Debug|Win32.ActiveCfg = Debug|Win32
		{B2455BF7-66C1-401F-93BA-35DA4D8A4695}.Debug|Win32.Build.0 = Debug|Win32
		{B2455BF7-66C1-401F-93BA-35DA4D8A4695}.Release|Win32.ActiveCfg = Release|Win32
		{B2455BF7-66C1-401F-93BA-35DA4D8A4695}.Release|Win32.Build.0 = Release|Win32
	EndGlobalSection
	GlobalSection(SolutionProperties) = preSolution
		HideSolutionNode = FALSE
	EndGlobalSection
EndGlobal
